
Microsoft Visual Studio Solution File, Format Version 12.00
# Visual Studio Version 17
VisualStudioVersion = 17.5.33424.131
MinimumVisualStudioVersion = 10.0.40219.1
Project("{9A19103F-16F7-4668-BE54-9A1E7A4F7556}") = "Messenger.Host", "Messenger.Host\Messenger.Host.csproj", "{DFF68E1A-D5CD-4E9E-BE74-56CFF5FADBD0}"
	ProjectSection(ProjectDependencies) = postProject
		{0DC84F35-48AA-49EC-8ADE-DD2B6AD46B67} = {0DC84F35-48AA-49EC-8ADE-DD2B6AD46B67}
	EndProjectSection
EndProject
Project("{9A19103F-16F7-4668-BE54-9A1E7A4F7556}") = "Messenger.Domain", "Messenger.Domain\Messenger.Domain.csproj", "{0DC84F35-48AA-49EC-8ADE-DD2B6AD46B67}"
EndProject
Project("{9A19103F-16F7-4668-BE54-9A1E7A4F7556}") = "Messenger.Infrastructure", "Messenger.Infrastructure\Messenger.Infrastructure.csproj", "{0EF0AD0A-7B6E-4CE3-8AFA-37DEE3D6180F}"
EndProject
Global
	GlobalSection(SolutionConfigurationPlatforms) = preSolution
		Debug|Any CPU = Debug|Any CPU
		Release|Any CPU = Release|Any CPU
	EndGlobalSection
	GlobalSection(ProjectConfigurationPlatforms) = postSolution
		{DFF68E1A-D5CD-4E9E-BE74-56CFF5FADBD0}.Debug|Any CPU.ActiveCfg = Debug|Any CPU
		{DFF68E1A-D5CD-4E9E-BE74-56CFF5FADBD0}.Debug|Any CPU.Build.0 = Debug|Any CPU
		{DFF68E1A-D5CD-4E9E-BE74-56CFF5FADBD0}.Release|Any CPU.ActiveCfg = Release|Any CPU
		{DFF68E1A-D5CD-4E9E-BE74-56CFF5FADBD0}.Release|Any CPU.Build.0 = Release|Any CPU
		{0DC84F35-48AA-49EC-8ADE-DD2B6AD46B67}.Debug|Any CPU.ActiveCfg = Debug|Any CPU
		{0DC84F35-48AA-49EC-8ADE-DD2B6AD46B67}.Debug|Any CPU.Build.0 = Debug|Any CPU
		{0DC84F35-48AA-49EC-8ADE-DD2B6AD46B67}.Release|Any CPU.ActiveCfg = Release|Any CPU
		{0DC84F35-48AA-49EC-8ADE-DD2B6AD46B67}.Release|Any CPU.Build.0 = Release|Any CPU
		{0EF0AD0A-7B6E-4CE3-8AFA-37DEE3D6180F}.Debug|Any CPU.ActiveCfg = Debug|Any CPU
		{0EF0AD0A-7B6E-4CE3-8AFA-37DEE3D6180F}.Debug|Any CPU.Build.0 = Debug|Any CPU
		{0EF0AD0A-7B6E-4CE3-8AFA-37DEE3D6180F}.Release|Any CPU.ActiveCfg = Release|Any CPU
		{0EF0AD0A-7B6E-4CE3-8AFA-37DEE3D6180F}.Release|Any CPU.Build.0 = Release|Any CPU
	EndGlobalSection
	GlobalSection(SolutionProperties) = preSolution
		HideSolutionNode = FALSE
	EndGlobalSection
	GlobalSection(ExtensibilityGlobals) = postSolution
		SolutionGuid = {979A3A75-1A65-413C-A267-C86B61A9C345}
	EndGlobalSection
EndGlobal
