
Microsoft Visual Studio Solution File, Format Version 12.00
# Visual Studio Version 17
VisualStudioVersion = 17.5.33530.505
MinimumVisualStudioVersion = 10.0.40219.1
Project("{FAE04EC0-301F-11D3-BF4B-00C04F79EFBC}") = "Identity", "Identity\Identity.csproj", "{5124803D-AAE3-4D4E-8D1D-A49F281B1796}"
EndProject
Project("{FAE04EC0-301F-11D3-BF4B-00C04F79EFBC}") = "Identity.Infrastructure", "Identity.Infrastructure\Identity.Infrastructure.csproj", "{C83B0A70-5C1C-471A-BA01-E1E20E908306}"
EndProject
Global
	GlobalSection(SolutionConfigurationPlatforms) = preSolution
		Debug|Any CPU = Debug|Any CPU
		Release|Any CPU = Release|Any CPU
	EndGlobalSection
	GlobalSection(ProjectConfigurationPlatforms) = postSolution
		{5124803D-AAE3-4D4E-8D1D-A49F281B1796}.Debug|Any CPU.ActiveCfg = Debug|Any CPU
		{5124803D-AAE3-4D4E-8D1D-A49F281B1796}.Debug|Any CPU.Build.0 = Debug|Any CPU
		{5124803D-AAE3-4D4E-8D1D-A49F281B1796}.Release|Any CPU.ActiveCfg = Release|Any CPU
		{5124803D-AAE3-4D4E-8D1D-A49F281B1796}.Release|Any CPU.Build.0 = Release|Any CPU
		{C83B0A70-5C1C-471A-BA01-E1E20E908306}.Debug|Any CPU.ActiveCfg = Debug|Any CPU
		{C83B0A70-5C1C-471A-BA01-E1E20E908306}.Debug|Any CPU.Build.0 = Debug|Any CPU
		{C83B0A70-5C1C-471A-BA01-E1E20E908306}.Release|Any CPU.ActiveCfg = Release|Any CPU
		{C83B0A70-5C1C-471A-BA01-E1E20E908306}.Release|Any CPU.Build.0 = Release|Any CPU
	EndGlobalSection
	GlobalSection(SolutionProperties) = preSolution
		HideSolutionNode = FALSE
	EndGlobalSection
	GlobalSection(ExtensibilityGlobals) = postSolution
		SolutionGuid = {DC7A7BEA-7791-45EC-B9C7-829461DEBF51}
	EndGlobalSection
EndGlobal
